<?xml version="1.0" encoding="utf-8"?>
<Project ToolsVersion="4.0" xmlns="http://schemas.microsoft.com/developer/msbuild/2003">
  <ItemGroup>
    <ClInclude Include="oepPlayScene.h">
      <Filter>Scenes</Filter>
    </ClInclude>
    <ClInclude Include="oepLoadScenes.h">
      <Filter>Scenes</Filter>
    </ClInclude>
    <ClInclude Include="oepTitleScene.h">
      <Filter>Scenes</Filter>
    </ClInclude>
    <ClInclude Include="oepPlayer.h">
      <Filter>Contents</Filter>
    </ClInclude>
    <ClInclude Include="oepEndScene.h">
      <Filter>Scenes</Filter>
    </ClInclude>
    <ClInclude Include="oepLoadResources.h" />
    <ClInclude Include="oepPlayerScript.h">
      <Filter>Scripts</Filter>
    </ClInclude>
    <ClInclude Include="oepCat.h">
      <Filter>Contents</Filter>
    </ClInclude>
    <ClInclude Include="oepCatScript.h">
      <Filter>Scripts</Filter>
    </ClInclude>
  </ItemGroup>
  <ItemGroup>
    <Filter Include="Scenes">
      <UniqueIdentifier>{3646957d-8cf7-47b4-8167-232d78e36f61}</UniqueIdentifier>
    </Filter>
    <Filter Include="Contents">
      <UniqueIdentifier>{2068edd8-acb2-4e7c-b30e-dd9bafbfc66b}</UniqueIdentifier>
    </Filter>
    <Filter Include="Scripts">
      <UniqueIdentifier>{4a8c3a17-4c9f-44d4-886e-781cfc522bc8}</UniqueIdentifier>
    </Filter>
  </ItemGroup>
  <ItemGroup>
    <ClCompile Include="oepPlayScene.cpp">
      <Filter>Scenes</Filter>
    </ClCompile>
    <ClCompile Include="oepTitleScene.cpp">
      <Filter>Scenes</Filter>
    </ClCompile>
    <ClCompile Include="oepPlayer.cpp">
      <Filter>Contents</Filter>
    </ClCompile>
    <ClCompile Include="oepEndScene.cpp">
      <Filter>Scenes</Filter>
    </ClCompile>
    <ClCompile Include="oepPlayerScript.cpp">
      <Filter>Scripts</Filter>
    </ClCompile>
    <ClCompile Include="oepCat.cpp">
      <Filter>Contents</Filter>
    </ClCompile>
    <ClCompile Include="oepCatScript.cpp">
      <Filter>Scripts</Filter>
    </ClCompile>
  </ItemGroup>
</Project>